
Microsoft Visual Studio Solution File, Format Version 12.00
# Visual Studio 15
VisualStudioVersion = 15.0.27703.2042
MinimumVisualStudioVersion = 10.0.40219.1
Project("{FAE04EC0-301F-11D3-BF4B-00C04F79EFBC}") = "LinqHomeWork", "LinqHomeWork\LinqHomeWork.csproj", "{D2B95B3B-CBF5-408D-A815-D7DE32A3F067}"
EndProject
Global
	GlobalSection(SolutionConfigurationPlatforms) = preSolution
		Debug|Any CPU = Debug|Any CPU
		Release|Any CPU = Release|Any CPU
	EndGlobalSection
	GlobalSection(ProjectConfigurationPlatforms) = postSolution
		{D2B95B3B-CBF5-408D-A815-D7DE32A3F067}.Debug|Any CPU.ActiveCfg = Debug|Any CPU
		{D2B95B3B-CBF5-408D-A815-D7DE32A3F067}.Debug|Any CPU.Build.0 = Debug|Any CPU
		{D2B95B3B-CBF5-408D-A815-D7DE32A3F067}.Release|Any CPU.ActiveCfg = Release|Any CPU
		{D2B95B3B-CBF5-408D-A815-D7DE32A3F067}.Release|Any CPU.Build.0 = Release|Any CPU
	EndGlobalSection
	GlobalSection(SolutionProperties) = preSolution
		HideSolutionNode = FALSE
	EndGlobalSection
	GlobalSection(ExtensibilityGlobals) = postSolution
		SolutionGuid = {DE39DDE9-7A46-45A6-85F8-CFD4FBA1D13E}
	EndGlobalSection
EndGlobal
